
Microsoft Visual Studio Solution File, Format Version 12.00
# Visual Studio 14
VisualStudioVersion = 14.0.23107.0
MinimumVisualStudioVersion = 10.0.40219.1
Project("{FAE04EC0-301F-11D3-BF4B-00C04F79EFBC}") = "abbccc", "abbccc\abbccc.csproj", "{84BE2A9A-D87C-4789-BF30-01873252012F}"
EndProject
Project("{FAE04EC0-301F-11D3-BF4B-00C04F79EFBC}") = "DataProvider", "DataProvider\DataProvider.csproj", "{28DC599C-EC91-4B97-A4BE-E69CCA25C9B5}"
EndProject
Project("{FAE04EC0-301F-11D3-BF4B-00C04F79EFBC}") = "DataIO", "DataIO\DataIO.csproj", "{21DE1E61-EC95-4414-B65E-0A2BE0E285AA}"
EndProject
Global
	GlobalSection(SolutionConfigurationPlatforms) = preSolution
		Debug|Any CPU = Debug|Any CPU
		Release|Any CPU = Release|Any CPU
	EndGlobalSection
	GlobalSection(ProjectConfigurationPlatforms) = postSolution
		{84BE2A9A-D87C-4789-BF30-01873252012F}.Debug|Any CPU.ActiveCfg = Debug|Any CPU
		{84BE2A9A-D87C-4789-BF30-01873252012F}.Debug|Any CPU.Build.0 = Debug|Any CPU
		{84BE2A9A-D87C-4789-BF30-01873252012F}.Release|Any CPU.ActiveCfg = Release|Any CPU
		{84BE2A9A-D87C-4789-BF30-01873252012F}.Release|Any CPU.Build.0 = Release|Any CPU
		{28DC599C-EC91-4B97-A4BE-E69CCA25C9B5}.Debug|Any CPU.ActiveCfg = Debug|Any CPU
		{28DC599C-EC91-4B97-A4BE-E69CCA25C9B5}.Debug|Any CPU.Build.0 = Debug|Any CPU
		{28DC599C-EC91-4B97-A4BE-E69CCA25C9B5}.Release|Any CPU.ActiveCfg = Release|Any CPU
		{28DC599C-EC91-4B97-A4BE-E69CCA25C9B5}.Release|Any CPU.Build.0 = Release|Any CPU
		{21DE1E61-EC95-4414-B65E-0A2BE0E285AA}.Debug|Any CPU.ActiveCfg = Debug|Any CPU
		{21DE1E61-EC95-4414-B65E-0A2BE0E285AA}.Debug|Any CPU.Build.0 = Debug|Any CPU
		{21DE1E61-EC95-4414-B65E-0A2BE0E285AA}.Release|Any CPU.ActiveCfg = Release|Any CPU
		{21DE1E61-EC95-4414-B65E-0A2BE0E285AA}.Release|Any CPU.Build.0 = Release|Any CPU
	EndGlobalSection
	GlobalSection(SolutionProperties) = preSolution
		HideSolutionNode = FALSE
	EndGlobalSection
EndGlobal
